# This file is generated by running "yarn install" inside your project through the workspace-lockfile plugin.
# Manual changes might be lost - proceed with caution!

__metadata:
  version: 8
  cacheKey: 10c0

"@types/lodash@npm:^4":
  version: 4.17.16
  resolution: "@types/lodash@npm:4.17.16"
  checksum: 10c0/cf017901b8ab1d7aabc86d5189d9288f4f99f19a75caf020c0e2c77b8d4cead4db0d0b842d009b029339f92399f49f34377dd7c2721053388f251778b4c23534
  languageName: node
  linkType: hard

"lodash@patch:lodash@npm%3A4.17.21#~/.yarn/patches/lodash-npm-4.17.21-6382451519.patch":
  version: 4.17.21
  resolution: "lodash@patch:lodash@npm%3A4.17.21#~/.yarn/patches/lodash-npm-4.17.21-6382451519.patch::version=4.17.21&hash=a77111"
  checksum: 10c0/85c8f23d5c6d8b1e25a856690f1cfdcc65aa6a6c64caf759375558330781b4b4fbf9a98edaa3e1c9825c508831fb1f509199b95945dc130d167238adcc1ee985
  languageName: node
  linkType: hard
